
Microsoft Visual Studio Solution File, Format Version 12.00
# Visual Studio Version 17
VisualStudioVersion = 17.9.34616.47
MinimumVisualStudioVersion = 10.0.40219.1
Project("{FAE04EC0-301F-11D3-BF4B-00C04F79EFBC}") = "UTS_PBO_2003", "UTS_PBO_2003\UTS_PBO_2003.csproj", "{5306C76E-6A55-4451-96E2-E1189AFC6C86}"
EndProject
Global
	GlobalSection(SolutionConfigurationPlatforms) = preSolution
		Debug|Any CPU = Debug|Any CPU
		Release|Any CPU = Release|Any CPU
	EndGlobalSection
	GlobalSection(ProjectConfigurationPlatforms) = postSolution
		{5306C76E-6A55-4451-96E2-E1189AFC6C86}.Debug|Any CPU.ActiveCfg = Debug|Any CPU
		{5306C76E-6A55-4451-96E2-E1189AFC6C86}.Debug|Any CPU.Build.0 = Debug|Any CPU
		{5306C76E-6A55-4451-96E2-E1189AFC6C86}.Release|Any CPU.ActiveCfg = Release|Any CPU
		{5306C76E-6A55-4451-96E2-E1189AFC6C86}.Release|Any CPU.Build.0 = Release|Any CPU
	EndGlobalSection
	GlobalSection(SolutionProperties) = preSolution
		HideSolutionNode = FALSE
	EndGlobalSection
	GlobalSection(ExtensibilityGlobals) = postSolution
		SolutionGuid = {C348E7B8-F44F-4217-8222-FF6011D190D4}
	EndGlobalSection
EndGlobal
